
Microsoft Visual Studio Solution File, Format Version 12.00
# Visual Studio Version 16
VisualStudioVersion = 16.0.808.0
MinimumVisualStudioVersion = 10.0.40219.1
Project("{FAE04EC0-301F-11D3-BF4B-00C04F79EFBC}") = "JSONPerLineToJson", "JSONPerLineToJson\JSONPerLineToJson.csproj", "{48C6975E-62A6-4B12-A26E-192C9CCD41DD}"
EndProject
Global
	GlobalSection(SolutionConfigurationPlatforms) = preSolution
		Debug|Any CPU = Debug|Any CPU
		Release|Any CPU = Release|Any CPU
	EndGlobalSection
	GlobalSection(ProjectConfigurationPlatforms) = postSolution
		{48C6975E-62A6-4B12-A26E-192C9CCD41DD}.Debug|Any CPU.ActiveCfg = Debug|Any CPU
		{48C6975E-62A6-4B12-A26E-192C9CCD41DD}.Debug|Any CPU.Build.0 = Debug|Any CPU
		{48C6975E-62A6-4B12-A26E-192C9CCD41DD}.Release|Any CPU.ActiveCfg = Release|Any CPU
		{48C6975E-62A6-4B12-A26E-192C9CCD41DD}.Release|Any CPU.Build.0 = Release|Any CPU
	EndGlobalSection
	GlobalSection(SolutionProperties) = preSolution
		HideSolutionNode = FALSE
	EndGlobalSection
	GlobalSection(ExtensibilityGlobals) = postSolution
		SolutionGuid = {15FE0CCB-55EC-4BD2-8F6E-EAE3320113C8}
	EndGlobalSection
EndGlobal
